
Microsoft Visual Studio Solution File, Format Version 12.00
# Visual Studio Version 16
VisualStudioVersion = 16.0.29519.181
MinimumVisualStudioVersion = 10.0.40219.1
Project("{9A19103F-16F7-4668-BE54-9A1E7A4F7556}") = "SIS.HTTP", "SIS.HTTP\SIS.HTTP.csproj", "{7DF273DF-29A9-4AD1-BD1B-B81F46EAFB2C}"
EndProject
Project("{2150E333-8FDC-42A3-9474-1A3956D46DE8}") = "Apps", "Apps", "{6D454E25-BCCC-4C2A-9023-8E39970A1472}"
EndProject
Project("{9A19103F-16F7-4668-BE54-9A1E7A4F7556}") = "IRunes.App", "IRunes.App\IRunes.App.csproj", "{CDD02E3F-8670-482F-A825-741670B63009}"
EndProject
Project("{9A19103F-16F7-4668-BE54-9A1E7A4F7556}") = "IRunes.Data", "IRunes.Data\IRunes.Data.csproj", "{7BEEBCCF-2B52-492C-8ACC-658E2BB923DC}"
EndProject
Project("{9A19103F-16F7-4668-BE54-9A1E7A4F7556}") = "IRunes.Models", "IRunes.Models\IRunes.Models.csproj", "{B8FAE614-692B-43C1-96EF-8DAD847D199B}"
EndProject
Project("{9A19103F-16F7-4668-BE54-9A1E7A4F7556}") = "SIS.MvcFramework", "SIS.MvcFramework\SIS.MvcFramework.csproj", "{45873226-1D2E-4F6E-8FBF-5FD63CF3E176}"
EndProject
Project("{FAE04EC0-301F-11D3-BF4B-00C04F79EFBC}") = "IRunes.Services", "IRunes.Services\IRunes.Services.csproj", "{90F8CA91-DFAF-4258-A65B-DB1BD3D1F43E}"
EndProject
Global
	GlobalSection(SolutionConfigurationPlatforms) = preSolution
		Debug|Any CPU = Debug|Any CPU
		Release|Any CPU = Release|Any CPU
	EndGlobalSection
	GlobalSection(ProjectConfigurationPlatforms) = postSolution
		{7DF273DF-29A9-4AD1-BD1B-B81F46EAFB2C}.Debug|Any CPU.ActiveCfg = Debug|Any CPU
		{7DF273DF-29A9-4AD1-BD1B-B81F46EAFB2C}.Debug|Any CPU.Build.0 = Debug|Any CPU
		{7DF273DF-29A9-4AD1-BD1B-B81F46EAFB2C}.Release|Any CPU.ActiveCfg = Release|Any CPU
		{7DF273DF-29A9-4AD1-BD1B-B81F46EAFB2C}.Release|Any CPU.Build.0 = Release|Any CPU
		{CDD02E3F-8670-482F-A825-741670B63009}.Debug|Any CPU.ActiveCfg = Debug|Any CPU
		{CDD02E3F-8670-482F-A825-741670B63009}.Debug|Any CPU.Build.0 = Debug|Any CPU
		{CDD02E3F-8670-482F-A825-741670B63009}.Release|Any CPU.ActiveCfg = Release|Any CPU
		{CDD02E3F-8670-482F-A825-741670B63009}.Release|Any CPU.Build.0 = Release|Any CPU
		{7BEEBCCF-2B52-492C-8ACC-658E2BB923DC}.Debug|Any CPU.ActiveCfg = Debug|Any CPU
		{7BEEBCCF-2B52-492C-8ACC-658E2BB923DC}.Debug|Any CPU.Build.0 = Debug|Any CPU
		{7BEEBCCF-2B52-492C-8ACC-658E2BB923DC}.Release|Any CPU.ActiveCfg = Release|Any CPU
		{7BEEBCCF-2B52-492C-8ACC-658E2BB923DC}.Release|Any CPU.Build.0 = Release|Any CPU
		{B8FAE614-692B-43C1-96EF-8DAD847D199B}.Debug|Any CPU.ActiveCfg = Debug|Any CPU
		{B8FAE614-692B-43C1-96EF-8DAD847D199B}.Debug|Any CPU.Build.0 = Debug|Any CPU
		{B8FAE614-692B-43C1-96EF-8DAD847D199B}.Release|Any CPU.ActiveCfg = Release|Any CPU
		{B8FAE614-692B-43C1-96EF-8DAD847D199B}.Release|Any CPU.Build.0 = Release|Any CPU
		{45873226-1D2E-4F6E-8FBF-5FD63CF3E176}.Debug|Any CPU.ActiveCfg = Debug|Any CPU
		{45873226-1D2E-4F6E-8FBF-5FD63CF3E176}.Debug|Any CPU.Build.0 = Debug|Any CPU
		{45873226-1D2E-4F6E-8FBF-5FD63CF3E176}.Release|Any CPU.ActiveCfg = Release|Any CPU
		{45873226-1D2E-4F6E-8FBF-5FD63CF3E176}.Release|Any CPU.Build.0 = Release|Any CPU
		{90F8CA91-DFAF-4258-A65B-DB1BD3D1F43E}.Debug|Any CPU.ActiveCfg = Debug|Any CPU
		{90F8CA91-DFAF-4258-A65B-DB1BD3D1F43E}.Debug|Any CPU.Build.0 = Debug|Any CPU
		{90F8CA91-DFAF-4258-A65B-DB1BD3D1F43E}.Release|Any CPU.ActiveCfg = Release|Any CPU
		{90F8CA91-DFAF-4258-A65B-DB1BD3D1F43E}.Release|Any CPU.Build.0 = Release|Any CPU
	EndGlobalSection
	GlobalSection(SolutionProperties) = preSolution
		HideSolutionNode = FALSE
	EndGlobalSection
	GlobalSection(NestedProjects) = preSolution
		{CDD02E3F-8670-482F-A825-741670B63009} = {6D454E25-BCCC-4C2A-9023-8E39970A1472}
		{7BEEBCCF-2B52-492C-8ACC-658E2BB923DC} = {6D454E25-BCCC-4C2A-9023-8E39970A1472}
		{B8FAE614-692B-43C1-96EF-8DAD847D199B} = {6D454E25-BCCC-4C2A-9023-8E39970A1472}
		{90F8CA91-DFAF-4258-A65B-DB1BD3D1F43E} = {6D454E25-BCCC-4C2A-9023-8E39970A1472}
	EndGlobalSection
	GlobalSection(ExtensibilityGlobals) = postSolution
		SolutionGuid = {616406EE-EDAA-4378-90B1-05AFA766D0F6}
	EndGlobalSection
EndGlobal
