
Microsoft Visual Studio Solution File, Format Version 12.00
# Visual Studio Version 16
VisualStudioVersion = 16.0.29519.181
MinimumVisualStudioVersion = 10.0.40219.1
Project("{9A19103F-16F7-4668-BE54-9A1E7A4F7556}") = "SIS.HTTP", "SIS.HTTP\SIS.HTTP.csproj", "{7DF273DF-29A9-4AD1-BD1B-B81F46EAFB2C}"
EndProject
Project("{9A19103F-16F7-4668-BE54-9A1E7A4F7556}") = "SIS.MvcFramework", "SIS.MvcFramework\SIS.MvcFramework.csproj", "{45873226-1D2E-4F6E-8FBF-5FD63CF3E176}"
EndProject
Project("{9A19103F-16F7-4668-BE54-9A1E7A4F7556}") = "SIS.MvcFramework.Tests", "SIS.MvcFramework.Tests\SIS.MvcFramework.Tests.csproj", "{319111FC-CBD2-4926-B56C-E50A481FCD83}"
EndProject
Project("{9A19103F-16F7-4668-BE54-9A1E7A4F7556}") = "SIS.Common", "SIS.Common\SIS.Common.csproj", "{721EC01E-3F3E-4DE6-A402-9620AC86DAF9}"
EndProject
Project("{2150E333-8FDC-42A3-9474-1A3956D46DE8}") = "Exams", "Exams", "{447271AF-DED7-4DD0-8B69-CFAA46B0F6EE}"
EndProject
Project("{2150E333-8FDC-42A3-9474-1A3956D46DE8}") = "PANDA", "PANDA", "{651767B5-B548-4EE0-9758-1BED523B1BAC}"
EndProject
Project("{2150E333-8FDC-42A3-9474-1A3956D46DE8}") = "IRunes", "IRunes", "{16CE1E37-E20D-4770-9EC6-2223F08C0C41}"
EndProject
Project("{9A19103F-16F7-4668-BE54-9A1E7A4F7556}") = "IRunes.App", "Exams\IRunes\IRunes.App\IRunes.App.csproj", "{DE217C8F-54E3-47BC-B4C6-670E3CC7A317}"
EndProject
Project("{9A19103F-16F7-4668-BE54-9A1E7A4F7556}") = "IRunes.Data", "Exams\IRunes\IRunes.Data\IRunes.Data.csproj", "{51620562-F1BB-4D04-86A6-1F0D3470FED1}"
EndProject
Project("{9A19103F-16F7-4668-BE54-9A1E7A4F7556}") = "IRunes.Models", "Exams\IRunes\IRunes.Models\IRunes.Models.csproj", "{11CC114F-31AE-4470-A149-FD8E661404E9}"
EndProject
Project("{9A19103F-16F7-4668-BE54-9A1E7A4F7556}") = "IRunes.Services", "Exams\IRunes\IRunes.Services\IRunes.Services.csproj", "{4BE37DFF-8832-49AD-BD8D-83E4B26E8C6F}"
EndProject
Project("{9A19103F-16F7-4668-BE54-9A1E7A4F7556}") = "PANDA.Web", "Exams\PANDA\PANDA.App\PANDA.Web.csproj", "{8465663F-09BC-409C-890A-7BF269770FCC}"
EndProject
Project("{9A19103F-16F7-4668-BE54-9A1E7A4F7556}") = "PANDA.Data", "Exams\PANDA\PANDA.Data\PANDA.Data.csproj", "{D41FF4EB-4B03-4F91-AF82-6F778CA26FEC}"
EndProject
Project("{9A19103F-16F7-4668-BE54-9A1E7A4F7556}") = "PANDA.Models", "Exams\PANDA\PANDA.Models\PANDA.Models.csproj", "{6EB24FE5-761A-4195-ABC6-2C3F1F6B9DE6}"
EndProject
Project("{9A19103F-16F7-4668-BE54-9A1E7A4F7556}") = "PANDA.Services", "Exams\PANDA\PANDA.Services\PANDA.Services.csproj", "{B9B2CED3-76D5-49A5-BDDE-04FB66FE0127}"
EndProject
Project("{2150E333-8FDC-42A3-9474-1A3956D46DE8}") = "MUSACA", "MUSACA", "{4215E4D7-2C1E-4BB0-8F02-E672CE578120}"
EndProject
Project("{9A19103F-16F7-4668-BE54-9A1E7A4F7556}") = "MUSACA.Web", "Exams\MUSACA\MUSACA.Web\MUSACA.Web.csproj", "{EEF1937D-09F9-4CBE-B68E-BFF4A0983BDE}"
EndProject
Project("{9A19103F-16F7-4668-BE54-9A1E7A4F7556}") = "MUSACA.Models", "Exams\MUSACA\MUSACA.Models\MUSACA.Models.csproj", "{7373D397-D7F2-4CA2-AE3C-F02D715E4116}"
EndProject
Project("{9A19103F-16F7-4668-BE54-9A1E7A4F7556}") = "MUSACA.Data", "Exams\MUSACA\MUSACA.Data\MUSACA.Data.csproj", "{3A649893-C272-40BA-B639-756985DAFF51}"
EndProject
Project("{9A19103F-16F7-4668-BE54-9A1E7A4F7556}") = "MUSACA.Services", "Exams\MUSACA\MUSACA.Services\MUSACA.Services.csproj", "{FA5649C8-6579-4510-83AE-40428FC4864F}"
EndProject
Project("{2150E333-8FDC-42A3-9474-1A3956D46DE8}") = "SULS", "SULS", "{59E06960-D9FD-4D3D-BD63-F3D8E518E3D9}"
EndProject
Project("{FAE04EC0-301F-11D3-BF4B-00C04F79EFBC}") = "SULS.Web", "Exams\SULS\SULS.Web\SULS.Web.csproj", "{FDFC9046-472F-4114-A828-9FEAEFD43D5D}"
EndProject
Project("{FAE04EC0-301F-11D3-BF4B-00C04F79EFBC}") = "SULS.Models", "Exams\SULS\SULS.Models\SULS.Models.csproj", "{42C140F7-C5DE-4088-A094-A441F3CF13C7}"
EndProject
Project("{FAE04EC0-301F-11D3-BF4B-00C04F79EFBC}") = "SULS.Data", "Exams\SULS\SULS.Data\SULS.Data.csproj", "{ACAD0A7C-7801-4CAC-9970-6621E555D236}"
EndProject
Project("{FAE04EC0-301F-11D3-BF4B-00C04F79EFBC}") = "SULS.Services", "Exams\SULS\SULS.Services\SULS.Services.csproj", "{558B29C4-BF1E-4487-89FD-847A7C8597ED}"
EndProject
Global
	GlobalSection(SolutionConfigurationPlatforms) = preSolution
		Debug|Any CPU = Debug|Any CPU
		Release|Any CPU = Release|Any CPU
	EndGlobalSection
	GlobalSection(ProjectConfigurationPlatforms) = postSolution
		{7DF273DF-29A9-4AD1-BD1B-B81F46EAFB2C}.Debug|Any CPU.ActiveCfg = Debug|Any CPU
		{7DF273DF-29A9-4AD1-BD1B-B81F46EAFB2C}.Debug|Any CPU.Build.0 = Debug|Any CPU
		{7DF273DF-29A9-4AD1-BD1B-B81F46EAFB2C}.Release|Any CPU.ActiveCfg = Release|Any CPU
		{7DF273DF-29A9-4AD1-BD1B-B81F46EAFB2C}.Release|Any CPU.Build.0 = Release|Any CPU
		{45873226-1D2E-4F6E-8FBF-5FD63CF3E176}.Debug|Any CPU.ActiveCfg = Debug|Any CPU
		{45873226-1D2E-4F6E-8FBF-5FD63CF3E176}.Debug|Any CPU.Build.0 = Debug|Any CPU
		{45873226-1D2E-4F6E-8FBF-5FD63CF3E176}.Release|Any CPU.ActiveCfg = Release|Any CPU
		{45873226-1D2E-4F6E-8FBF-5FD63CF3E176}.Release|Any CPU.Build.0 = Release|Any CPU
		{319111FC-CBD2-4926-B56C-E50A481FCD83}.Debug|Any CPU.ActiveCfg = Debug|Any CPU
		{319111FC-CBD2-4926-B56C-E50A481FCD83}.Debug|Any CPU.Build.0 = Debug|Any CPU
		{319111FC-CBD2-4926-B56C-E50A481FCD83}.Release|Any CPU.ActiveCfg = Release|Any CPU
		{319111FC-CBD2-4926-B56C-E50A481FCD83}.Release|Any CPU.Build.0 = Release|Any CPU
		{721EC01E-3F3E-4DE6-A402-9620AC86DAF9}.Debug|Any CPU.ActiveCfg = Debug|Any CPU
		{721EC01E-3F3E-4DE6-A402-9620AC86DAF9}.Debug|Any CPU.Build.0 = Debug|Any CPU
		{721EC01E-3F3E-4DE6-A402-9620AC86DAF9}.Release|Any CPU.ActiveCfg = Release|Any CPU
		{721EC01E-3F3E-4DE6-A402-9620AC86DAF9}.Release|Any CPU.Build.0 = Release|Any CPU
		{DE217C8F-54E3-47BC-B4C6-670E3CC7A317}.Debug|Any CPU.ActiveCfg = Debug|Any CPU
		{DE217C8F-54E3-47BC-B4C6-670E3CC7A317}.Debug|Any CPU.Build.0 = Debug|Any CPU
		{DE217C8F-54E3-47BC-B4C6-670E3CC7A317}.Release|Any CPU.ActiveCfg = Release|Any CPU
		{DE217C8F-54E3-47BC-B4C6-670E3CC7A317}.Release|Any CPU.Build.0 = Release|Any CPU
		{51620562-F1BB-4D04-86A6-1F0D3470FED1}.Debug|Any CPU.ActiveCfg = Debug|Any CPU
		{51620562-F1BB-4D04-86A6-1F0D3470FED1}.Debug|Any CPU.Build.0 = Debug|Any CPU
		{51620562-F1BB-4D04-86A6-1F0D3470FED1}.Release|Any CPU.ActiveCfg = Release|Any CPU
		{51620562-F1BB-4D04-86A6-1F0D3470FED1}.Release|Any CPU.Build.0 = Release|Any CPU
		{11CC114F-31AE-4470-A149-FD8E661404E9}.Debug|Any CPU.ActiveCfg = Debug|Any CPU
		{11CC114F-31AE-4470-A149-FD8E661404E9}.Debug|Any CPU.Build.0 = Debug|Any CPU
		{11CC114F-31AE-4470-A149-FD8E661404E9}.Release|Any CPU.ActiveCfg = Release|Any CPU
		{11CC114F-31AE-4470-A149-FD8E661404E9}.Release|Any CPU.Build.0 = Release|Any CPU
		{4BE37DFF-8832-49AD-BD8D-83E4B26E8C6F}.Debug|Any CPU.ActiveCfg = Debug|Any CPU
		{4BE37DFF-8832-49AD-BD8D-83E4B26E8C6F}.Debug|Any CPU.Build.0 = Debug|Any CPU
		{4BE37DFF-8832-49AD-BD8D-83E4B26E8C6F}.Release|Any CPU.ActiveCfg = Release|Any CPU
		{4BE37DFF-8832-49AD-BD8D-83E4B26E8C6F}.Release|Any CPU.Build.0 = Release|Any CPU
		{8465663F-09BC-409C-890A-7BF269770FCC}.Debug|Any CPU.ActiveCfg = Debug|Any CPU
		{8465663F-09BC-409C-890A-7BF269770FCC}.Debug|Any CPU.Build.0 = Debug|Any CPU
		{8465663F-09BC-409C-890A-7BF269770FCC}.Release|Any CPU.ActiveCfg = Release|Any CPU
		{8465663F-09BC-409C-890A-7BF269770FCC}.Release|Any CPU.Build.0 = Release|Any CPU
		{D41FF4EB-4B03-4F91-AF82-6F778CA26FEC}.Debug|Any CPU.ActiveCfg = Debug|Any CPU
		{D41FF4EB-4B03-4F91-AF82-6F778CA26FEC}.Debug|Any CPU.Build.0 = Debug|Any CPU
		{D41FF4EB-4B03-4F91-AF82-6F778CA26FEC}.Release|Any CPU.ActiveCfg = Release|Any CPU
		{D41FF4EB-4B03-4F91-AF82-6F778CA26FEC}.Release|Any CPU.Build.0 = Release|Any CPU
		{6EB24FE5-761A-4195-ABC6-2C3F1F6B9DE6}.Debug|Any CPU.ActiveCfg = Debug|Any CPU
		{6EB24FE5-761A-4195-ABC6-2C3F1F6B9DE6}.Debug|Any CPU.Build.0 = Debug|Any CPU
		{6EB24FE5-761A-4195-ABC6-2C3F1F6B9DE6}.Release|Any CPU.ActiveCfg = Release|Any CPU
		{6EB24FE5-761A-4195-ABC6-2C3F1F6B9DE6}.Release|Any CPU.Build.0 = Release|Any CPU
		{B9B2CED3-76D5-49A5-BDDE-04FB66FE0127}.Debug|Any CPU.ActiveCfg = Debug|Any CPU
		{B9B2CED3-76D5-49A5-BDDE-04FB66FE0127}.Debug|Any CPU.Build.0 = Debug|Any CPU
		{B9B2CED3-76D5-49A5-BDDE-04FB66FE0127}.Release|Any CPU.ActiveCfg = Release|Any CPU
		{B9B2CED3-76D5-49A5-BDDE-04FB66FE0127}.Release|Any CPU.Build.0 = Release|Any CPU
		{EEF1937D-09F9-4CBE-B68E-BFF4A0983BDE}.Debug|Any CPU.ActiveCfg = Debug|Any CPU
		{EEF1937D-09F9-4CBE-B68E-BFF4A0983BDE}.Debug|Any CPU.Build.0 = Debug|Any CPU
		{EEF1937D-09F9-4CBE-B68E-BFF4A0983BDE}.Release|Any CPU.ActiveCfg = Release|Any CPU
		{EEF1937D-09F9-4CBE-B68E-BFF4A0983BDE}.Release|Any CPU.Build.0 = Release|Any CPU
		{7373D397-D7F2-4CA2-AE3C-F02D715E4116}.Debug|Any CPU.ActiveCfg = Debug|Any CPU
		{7373D397-D7F2-4CA2-AE3C-F02D715E4116}.Debug|Any CPU.Build.0 = Debug|Any CPU
		{7373D397-D7F2-4CA2-AE3C-F02D715E4116}.Release|Any CPU.ActiveCfg = Release|Any CPU
		{7373D397-D7F2-4CA2-AE3C-F02D715E4116}.Release|Any CPU.Build.0 = Release|Any CPU
		{3A649893-C272-40BA-B639-756985DAFF51}.Debug|Any CPU.ActiveCfg = Debug|Any CPU
		{3A649893-C272-40BA-B639-756985DAFF51}.Debug|Any CPU.Build.0 = Debug|Any CPU
		{3A649893-C272-40BA-B639-756985DAFF51}.Release|Any CPU.ActiveCfg = Release|Any CPU
		{3A649893-C272-40BA-B639-756985DAFF51}.Release|Any CPU.Build.0 = Release|Any CPU
		{FA5649C8-6579-4510-83AE-40428FC4864F}.Debug|Any CPU.ActiveCfg = Debug|Any CPU
		{FA5649C8-6579-4510-83AE-40428FC4864F}.Debug|Any CPU.Build.0 = Debug|Any CPU
		{FA5649C8-6579-4510-83AE-40428FC4864F}.Release|Any CPU.ActiveCfg = Release|Any CPU
		{FA5649C8-6579-4510-83AE-40428FC4864F}.Release|Any CPU.Build.0 = Release|Any CPU
		{FDFC9046-472F-4114-A828-9FEAEFD43D5D}.Debug|Any CPU.ActiveCfg = Debug|Any CPU
		{FDFC9046-472F-4114-A828-9FEAEFD43D5D}.Debug|Any CPU.Build.0 = Debug|Any CPU
		{FDFC9046-472F-4114-A828-9FEAEFD43D5D}.Release|Any CPU.ActiveCfg = Release|Any CPU
		{FDFC9046-472F-4114-A828-9FEAEFD43D5D}.Release|Any CPU.Build.0 = Release|Any CPU
		{42C140F7-C5DE-4088-A094-A441F3CF13C7}.Debug|Any CPU.ActiveCfg = Debug|Any CPU
		{42C140F7-C5DE-4088-A094-A441F3CF13C7}.Debug|Any CPU.Build.0 = Debug|Any CPU
		{42C140F7-C5DE-4088-A094-A441F3CF13C7}.Release|Any CPU.ActiveCfg = Release|Any CPU
		{42C140F7-C5DE-4088-A094-A441F3CF13C7}.Release|Any CPU.Build.0 = Release|Any CPU
		{ACAD0A7C-7801-4CAC-9970-6621E555D236}.Debug|Any CPU.ActiveCfg = Debug|Any CPU
		{ACAD0A7C-7801-4CAC-9970-6621E555D236}.Debug|Any CPU.Build.0 = Debug|Any CPU
		{ACAD0A7C-7801-4CAC-9970-6621E555D236}.Release|Any CPU.ActiveCfg = Release|Any CPU
		{ACAD0A7C-7801-4CAC-9970-6621E555D236}.Release|Any CPU.Build.0 = Release|Any CPU
		{558B29C4-BF1E-4487-89FD-847A7C8597ED}.Debug|Any CPU.ActiveCfg = Debug|Any CPU
		{558B29C4-BF1E-4487-89FD-847A7C8597ED}.Debug|Any CPU.Build.0 = Debug|Any CPU
		{558B29C4-BF1E-4487-89FD-847A7C8597ED}.Release|Any CPU.ActiveCfg = Release|Any CPU
		{558B29C4-BF1E-4487-89FD-847A7C8597ED}.Release|Any CPU.Build.0 = Release|Any CPU
	EndGlobalSection
	GlobalSection(SolutionProperties) = preSolution
		HideSolutionNode = FALSE
	EndGlobalSection
	GlobalSection(NestedProjects) = preSolution
		{651767B5-B548-4EE0-9758-1BED523B1BAC} = {447271AF-DED7-4DD0-8B69-CFAA46B0F6EE}
		{16CE1E37-E20D-4770-9EC6-2223F08C0C41} = {447271AF-DED7-4DD0-8B69-CFAA46B0F6EE}
		{DE217C8F-54E3-47BC-B4C6-670E3CC7A317} = {16CE1E37-E20D-4770-9EC6-2223F08C0C41}
		{51620562-F1BB-4D04-86A6-1F0D3470FED1} = {16CE1E37-E20D-4770-9EC6-2223F08C0C41}
		{11CC114F-31AE-4470-A149-FD8E661404E9} = {16CE1E37-E20D-4770-9EC6-2223F08C0C41}
		{4BE37DFF-8832-49AD-BD8D-83E4B26E8C6F} = {16CE1E37-E20D-4770-9EC6-2223F08C0C41}
		{8465663F-09BC-409C-890A-7BF269770FCC} = {651767B5-B548-4EE0-9758-1BED523B1BAC}
		{D41FF4EB-4B03-4F91-AF82-6F778CA26FEC} = {651767B5-B548-4EE0-9758-1BED523B1BAC}
		{6EB24FE5-761A-4195-ABC6-2C3F1F6B9DE6} = {651767B5-B548-4EE0-9758-1BED523B1BAC}
		{B9B2CED3-76D5-49A5-BDDE-04FB66FE0127} = {651767B5-B548-4EE0-9758-1BED523B1BAC}
		{4215E4D7-2C1E-4BB0-8F02-E672CE578120} = {447271AF-DED7-4DD0-8B69-CFAA46B0F6EE}
		{EEF1937D-09F9-4CBE-B68E-BFF4A0983BDE} = {4215E4D7-2C1E-4BB0-8F02-E672CE578120}
		{7373D397-D7F2-4CA2-AE3C-F02D715E4116} = {4215E4D7-2C1E-4BB0-8F02-E672CE578120}
		{3A649893-C272-40BA-B639-756985DAFF51} = {4215E4D7-2C1E-4BB0-8F02-E672CE578120}
		{FA5649C8-6579-4510-83AE-40428FC4864F} = {4215E4D7-2C1E-4BB0-8F02-E672CE578120}
		{59E06960-D9FD-4D3D-BD63-F3D8E518E3D9} = {447271AF-DED7-4DD0-8B69-CFAA46B0F6EE}
		{FDFC9046-472F-4114-A828-9FEAEFD43D5D} = {59E06960-D9FD-4D3D-BD63-F3D8E518E3D9}
		{42C140F7-C5DE-4088-A094-A441F3CF13C7} = {59E06960-D9FD-4D3D-BD63-F3D8E518E3D9}
		{ACAD0A7C-7801-4CAC-9970-6621E555D236} = {59E06960-D9FD-4D3D-BD63-F3D8E518E3D9}
		{558B29C4-BF1E-4487-89FD-847A7C8597ED} = {59E06960-D9FD-4D3D-BD63-F3D8E518E3D9}
	EndGlobalSection
	GlobalSection(ExtensibilityGlobals) = postSolution
		SolutionGuid = {616406EE-EDAA-4378-90B1-05AFA766D0F6}
	EndGlobalSection
EndGlobal
