
Microsoft Visual Studio Solution File, Format Version 12.00
# Visual Studio Version 16
VisualStudioVersion = 16.0.29519.181
MinimumVisualStudioVersion = 10.0.40219.1
Project("{FAE04EC0-301F-11D3-BF4B-00C04F79EFBC}") = "Chronometer", "Chronometer\Chronometer.csproj", "{DA029702-4E7F-4DDE-BC10-4A06685439E6}"
EndProject
Project("{FAE04EC0-301F-11D3-BF4B-00C04F79EFBC}") = "ParallelMergeSort", "ParallelMergeSort\ParallelMergeSort.csproj", "{4FE990DE-54E3-464E-9366-93319DE757F4}"
EndProject
Global
	GlobalSection(SolutionConfigurationPlatforms) = preSolution
		Debug|Any CPU = Debug|Any CPU
		Release|Any CPU = Release|Any CPU
	EndGlobalSection
	GlobalSection(ProjectConfigurationPlatforms) = postSolution
		{DA029702-4E7F-4DDE-BC10-4A06685439E6}.Debug|Any CPU.ActiveCfg = Debug|Any CPU
		{DA029702-4E7F-4DDE-BC10-4A06685439E6}.Debug|Any CPU.Build.0 = Debug|Any CPU
		{DA029702-4E7F-4DDE-BC10-4A06685439E6}.Release|Any CPU.ActiveCfg = Release|Any CPU
		{DA029702-4E7F-4DDE-BC10-4A06685439E6}.Release|Any CPU.Build.0 = Release|Any CPU
		{4FE990DE-54E3-464E-9366-93319DE757F4}.Debug|Any CPU.ActiveCfg = Debug|Any CPU
		{4FE990DE-54E3-464E-9366-93319DE757F4}.Debug|Any CPU.Build.0 = Debug|Any CPU
		{4FE990DE-54E3-464E-9366-93319DE757F4}.Release|Any CPU.ActiveCfg = Release|Any CPU
		{4FE990DE-54E3-464E-9366-93319DE757F4}.Release|Any CPU.Build.0 = Release|Any CPU
	EndGlobalSection
	GlobalSection(SolutionProperties) = preSolution
		HideSolutionNode = FALSE
	EndGlobalSection
	GlobalSection(ExtensibilityGlobals) = postSolution
		SolutionGuid = {F6F4E64A-A191-4891-B4D4-0AE11BC0784B}
	EndGlobalSection
EndGlobal
